
Microsoft Visual Studio Solution File, Format Version 12.00
# Visual Studio Version 16
VisualStudioVersion = 16.0.29123.88
MinimumVisualStudioVersion = 10.0.40219.1
Project("{FAE04EC0-301F-11D3-BF4B-00C04F79EFBC}") = "AGVProj", "AGVProj\AGVProj.csproj", "{14CFA05B-425B-4B45-B323-189282EB4639}"
EndProject
Global
	GlobalSection(SolutionConfigurationPlatforms) = preSolution
		Debug|Any CPU = Debug|Any CPU
		Release|Any CPU = Release|Any CPU
	EndGlobalSection
	GlobalSection(ProjectConfigurationPlatforms) = postSolution
		{14CFA05B-425B-4B45-B323-189282EB4639}.Debug|Any CPU.ActiveCfg = Debug|Any CPU
		{14CFA05B-425B-4B45-B323-189282EB4639}.Debug|Any CPU.Build.0 = Debug|Any CPU
		{14CFA05B-425B-4B45-B323-189282EB4639}.Release|Any CPU.ActiveCfg = Release|Any CPU
		{14CFA05B-425B-4B45-B323-189282EB4639}.Release|Any CPU.Build.0 = Release|Any CPU
	EndGlobalSection
	GlobalSection(SolutionProperties) = preSolution
		HideSolutionNode = FALSE
	EndGlobalSection
	GlobalSection(ExtensibilityGlobals) = postSolution
		SolutionGuid = {5FA75699-B926-449F-99B1-B501F0B5DC70}
	EndGlobalSection
EndGlobal
